// !$*UTF8*$!
{
	archiveVersion = 1;
	classes = {
	};
	objectVersion = 77;
	objects = {

/* Begin PBXContainerItemProxy section */
		FC06CCA32E38183A007DFF3C /* PBXContainerItemProxy */ = {
			isa = PBXContainerItemProxy;
			containerPortal = FC06CC882E381835007DFF3C /* Project object */;
			proxyType = 1;
			remoteGlobalIDString = FC06CC8F2E381835007DFF3C;
			remoteInfo = Verdantia;
		};
		FC06CCAD2E38183A007DFF3C /* PBXContainerItemProxy */ = {
			isa = PBXContainerItemProxy;
			containerPortal = FC06CC882E381835007DFF3C /* Project object */;
			proxyType = 1;
			remoteGlobalIDString = FC06CC8F2E381835007DFF3C;
			remoteInfo = Verdantia;
		};
/* End PBXContainerItemProxy section */

/* Begin PBXFileReference section */
		FC06CC902E381835007DFF3C /* Verdantia.app */ = {isa = PBXFileReference; explicitFileType = wrapper.application; includeInIndex = 0; path = Verdantia.app; sourceTree = BUILT_PRODUCTS_DIR; };
		FC06CCA22E38183A007DFF3C /* VerdantiaTests.xctest */ = {isa = PBXFileReference; explicitFileType = wrapper.cfbundle; includeInIndex = 0; path = VerdantiaTests.xctest; sourceTree = BUILT_PRODUCTS_DIR; };
		FC06CCAC2E38183A007DFF3C /* VerdantiaUITests.xctest */ = {isa = PBXFileReference; explicitFileType = wrapper.cfbundle; includeInIndex = 0; path = VerdantiaUITests.xctest; sourceTree = BUILT_PRODUCTS_DIR; };
/* End PBXFileReference section */

/* Begin PBXFileSystemSynchronizedBuildFileExceptionSet section */
		FC06CD1D2E39F482007DFF3C /* Exceptions for "Verdantia" folder in "Verdantia" target */ = {
			isa = PBXFileSystemSynchronizedBuildFileExceptionSet;
			membershipExceptions = (
				Info.plist,
			);
			target = FC06CC8F2E381835007DFF3C /* Verdantia */;
		};
/* End PBXFileSystemSynchronizedBuildFileExceptionSet section */

/* Begin PBXFileSystemSynchronizedRootGroup section */
		FC06CC922E381835007DFF3C /* Verdantia */ = {
			isa = PBXFileSystemSynchronizedRootGroup;
			exceptions = (
				FC06CD1D2E39F482007DFF3C /* Exceptions for "Verdantia" folder in "Verdantia" target */,
			);
			path = Verdantia;
			sourceTree = "<group>";
		};
		FC06CCA52E38183A007DFF3C /* VerdantiaTests */ = {
			isa = PBXFileSystemSynchronizedRootGroup;
			path = VerdantiaTests;
			sourceTree = "<group>";
		};
		FC06CCAF2E38183A007DFF3C /* VerdantiaUITests */ = {
			isa = PBXFileSystemSynchronizedRootGroup;
			path = VerdantiaUITests;
			sourceTree = "<group>";
		};
/* End PBXFileSystemSynchronizedRootGroup section */

/* Begin PBXFrameworksBuildPhase section */
		FC06CC8D2E381835007DFF3C /* Frameworks */ = {
			isa = PBXFrameworksBuildPhase;
			buildActionMask = 2147483647;
			files = (
			);
			runOnlyForDeploymentPostprocessing = 0;
		};
		FC06CC9F2E38183A007DFF3C /* Frameworks */ = {
			isa = PBXFrameworksBuildPhase;
			buildActionMask = 2147483647;
			files = (
			);
			runOnlyForDeploymentPostprocessing = 0;
		};
		FC06CCA92E38183A007DFF3C /* Frameworks */ = {
			isa = PBXFrameworksBuildPhase;
			buildActionMask = 2147483647;
			files = (
			);
			runOnlyForDeploymentPostprocessing = 0;
		};
/* End PBXFrameworksBuildPhase section */

/* Begin PBXGroup section */
		FC06CC872E381835007DFF3C = {
			isa = PBXGroup;
			children = (
				FC06CC922E381835007DFF3C /* Verdantia */,
				FC06CCA52E38183A007DFF3C /* VerdantiaTests */,
				FC06CCAF2E38183A007DFF3C /* VerdantiaUITests */,
				FC06CC912E381835007DFF3C /* Products */,
			);
			sourceTree = "<group>";
		};
		FC06CC912E381835007DFF3C /* Products */ = {
			isa = PBXGroup;
			children = (
				FC06CC902E381835007DFF3C /* Verdantia.app */,
				FC06CCA22E38183A007DFF3C /* VerdantiaTests.xctest */,
				FC06CCAC2E38183A007DFF3C /* VerdantiaUITests.xctest */,
			);
			name = Products;
			sourceTree = "<group>";
		};
/* End PBXGroup section */

/* Begin PBXNativeTarget section */
		FC06CC8F2E381835007DFF3C /* Verdantia */ = {
			isa = PBXNativeTarget;
			buildConfigurationList = FC06CCB62E38183A007DFF3C /* Build configuration list for PBXNativeTarget "Verdantia" */;
			buildPhases = (
				FC06CC8C2E381835007DFF3C /* Sources */,
				FC06CC8D2E381835007DFF3C /* Frameworks */,
				FC06CC8E2E381835007DFF3C /* Resources */,
			);
			buildRules = (
			);
			dependencies = (
			);
			fileSystemSynchronizedGroups = (
				FC06CC922E381835007DFF3C /* Verdantia */,
			);
			name = Verdantia;
			packageProductDependencies = (
			);
			productName = Verdantia;
			productReference = FC06CC902E381835007DFF3C /* Verdantia.app */;
			productType = "com.apple.product-type.application";
		};
		FC06CCA12E38183A007DFF3C /* VerdantiaTests */ = {
			isa = PBXNativeTarget;
			buildConfigurationList = FC06CCB92E38183A007DFF3C /* Build configuration list for PBXNativeTarget "VerdantiaTests" */;
			buildPhases = (
				FC06CC9E2E38183A007DFF3C /* Sources */,
				FC06CC9F2E38183A007DFF3C /* Frameworks */,
				FC06CCA02E38183A007DFF3C /* Resources */,
			);
			buildRules = (
			);
			dependencies = (
				FC06CCA42E38183A007DFF3C /* PBXTargetDependency */,
			);
			fileSystemSynchronizedGroups = (
				FC06CCA52E38183A007DFF3C /* VerdantiaTests */,
			);
			name = VerdantiaTests;
			packageProductDependencies = (
			);
			productName = VerdantiaTests;
			productReference = FC06CCA22E38183A007DFF3C /* VerdantiaTests.xctest */;
			productType = "com.apple.product-type.bundle.unit-test";
		};
		FC06CCAB2E38183A007DFF3C /* VerdantiaUITests */ = {
			isa = PBXNativeTarget;
			buildConfigurationList = FC06CCBC2E38183A007DFF3C /* Build configuration list for PBXNativeTarget "VerdantiaUITests" */;
			buildPhases = (
				FC06CCA82E38183A007DFF3C /* Sources */,
				FC06CCA92E38183A007DFF3C /* Frameworks */,
				FC06CCAA2E38183A007DFF3C /* Resources */,
			);
			buildRules = (
			);
			dependencies = (
				FC06CCAE2E38183A007DFF3C /* PBXTargetDependency */,
			);
			fileSystemSynchronizedGroups = (
				FC06CCAF2E38183A007DFF3C /* VerdantiaUITests */,
			);
			name = VerdantiaUITests;
			packageProductDependencies = (
			);
			productName = VerdantiaUITests;
			productReference = FC06CCAC2E38183A007DFF3C /* VerdantiaUITests.xctest */;
			productType = "com.apple.product-type.bundle.ui-testing";
		};
/* End PBXNativeTarget section */

/* Begin PBXProject section */
		FC06CC882E381835007DFF3C /* Project object */ = {
			isa = PBXProject;
			attributes = {
				BuildIndependentTargetsInParallel = 1;
				LastSwiftUpdateCheck = 1620;
				LastUpgradeCheck = 1620;
				TargetAttributes = {
					FC06CC8F2E381835007DFF3C = {
						CreatedOnToolsVersion = 16.2;
					};
					FC06CCA12E38183A007DFF3C = {
						CreatedOnToolsVersion = 16.2;
						TestTargetID = FC06CC8F2E381835007DFF3C;
					};
					FC06CCAB2E38183A007DFF3C = {
						CreatedOnToolsVersion = 16.2;
						TestTargetID = FC06CC8F2E381835007DFF3C;
					};
				};
			};
			buildConfigurationList = FC06CC8B2E381835007DFF3C /* Build configuration list for PBXProject "Verdantia" */;
			developmentRegion = en;
			hasScannedForEncodings = 0;
			knownRegions = (
				en,
				Base,
			);
			mainGroup = FC06CC872E381835007DFF3C;
			minimizedProjectReferenceProxies = 1;
			preferredProjectObjectVersion = 77;
			productRefGroup = FC06CC912E381835007DFF3C /* Products */;
			projectDirPath = "";
			projectRoot = "";
			targets = (
				FC06CC8F2E381835007DFF3C /* Verdantia */,
				FC06CCA12E38183A007DFF3C /* VerdantiaTests */,
				FC06CCAB2E38183A007DFF3C /* VerdantiaUITests */,
			);
		};
/* End PBXProject section */

/* Begin PBXResourcesBuildPhase section */
		FC06CC8E2E381835007DFF3C /* Resources */ = {
			isa = PBXResourcesBuildPhase;
			buildActionMask = 2147483647;
			files = (
			);
			runOnlyForDeploymentPostprocessing = 0;
		};
		FC06CCA02E38183A007DFF3C /* Resources */ = {
			isa = PBXResourcesBuildPhase;
			buildActionMask = 2147483647;
			files = (
			);
			runOnlyForDeploymentPostprocessing = 0;
		};
		FC06CCAA2E38183A007DFF3C /* Resources */ = {
			isa = PBXResourcesBuildPhase;
			buildActionMask = 2147483647;
			files = (
			);
			runOnlyForDeploymentPostprocessing = 0;
		};
/* End PBXResourcesBuildPhase section */

/* Begin PBXSourcesBuildPhase section */
		FC06CC8C2E381835007DFF3C /* Sources */ = {
			isa = PBXSourcesBuildPhase;
			buildActionMask = 2147483647;
			files = (
			);
			runOnlyForDeploymentPostprocessing = 0;
		};
		FC06CC9E2E38183A007DFF3C /* Sources */ = {
			isa = PBXSourcesBuildPhase;
			buildActionMask = 2147483647;
			files = (
			);
			runOnlyForDeploymentPostprocessing = 0;
		};
		FC06CCA82E38183A007DFF3C /* Sources */ = {
			isa = PBXSourcesBuildPhase;
			buildActionMask = 2147483647;
			files = (
			);
			runOnlyForDeploymentPostprocessing = 0;
		};
/* End PBXSourcesBuildPhase section */

/* Begin PBXTargetDependency section */
		FC06CCA42E38183A007DFF3C /* PBXTargetDependency */ = {
			isa = PBXTargetDependency;
			target = FC06CC8F2E381835007DFF3C /* Verdantia */;
			targetProxy = FC06CCA32E38183A007DFF3C /* PBXContainerItemProxy */;
		};
		FC06CCAE2E38183A007DFF3C /* PBXTargetDependency */ = {
			isa = PBXTargetDependency;
			target = FC06CC8F2E381835007DFF3C /* Verdantia */;
			targetProxy = FC06CCAD2E38183A007DFF3C /* PBXContainerItemProxy */;
		};
/* End PBXTargetDependency section */

/* Begin XCBuildConfiguration section */
		FC06CCB42E38183A007DFF3C /* Debug */ = {
			isa = XCBuildConfiguration;
			buildSettings = {
				ALWAYS_SEARCH_USER_PATHS = NO;
				ASSETCATALOG_COMPILER_GENERATE_SWIFT_ASSET_SYMBOL_EXTENSIONS = YES;
				CLANG_ANALYZER_NONNULL = YES;
				CLANG_ANALYZER_NUMBER_OBJECT_CONVERSION = YES_AGGRESSIVE;
				CLANG_CXX_LANGUAGE_STANDARD = "gnu++20";
				CLANG_ENABLE_MODULES = YES;
				CLANG_ENABLE_OBJC_ARC = YES;
				CLANG_ENABLE_OBJC_WEAK = YES;
				CLANG_WARN_BLOCK_CAPTURE_AUTORELEASING = YES;
				CLANG_WARN_BOOL_CONVERSION = YES;
				CLANG_WARN_COMMA = YES;
				CLANG_WARN_CONSTANT_CONVERSION = YES;
				CLANG_WARN_DEPRECATED_OBJC_IMPLEMENTATIONS = YES;
				CLANG_WARN_DIRECT_OBJC_ISA_USAGE = YES_ERROR;
				CLANG_WARN_DOCUMENTATION_COMMENTS = YES;
				CLANG_WARN_EMPTY_BODY = YES;
				CLANG_WARN_ENUM_CONVERSION = YES;
				CLANG_WARN_INFINITE_RECURSION = YES;
				CLANG_WARN_INT_CONVERSION = YES;
				CLANG_WARN_NON_LITERAL_NULL_CONVERSION = YES;
				CLANG_WARN_OBJC_IMPLICIT_RETAIN_SELF = YES;
				CLANG_WARN_OBJC_LITERAL_CONVERSION = YES;
				CLANG_WARN_OBJC_ROOT_CLASS = YES_ERROR;
				CLANG_WARN_QUOTED_INCLUDE_IN_FRAMEWORK_HEADER = YES;
				CLANG_WARN_RANGE_LOOP_ANALYSIS = YES;
				CLANG_WARN_STRICT_PROTOTYPES = YES;
				CLANG_WARN_SUSPICIOUS_MOVE = YES;
				CLANG_WARN_UNGUARDED_AVAILABILITY = YES_AGGRESSIVE;
				CLANG_WARN_UNREACHABLE_CODE = YES;
				CLANG_WARN__DUPLICATE_METHOD_MATCH = YES;
				COPY_PHASE_STRIP = NO;
				DEBUG_INFORMATION_FORMAT = dwarf;
				ENABLE_STRICT_OBJC_MSGSEND = YES;
				ENABLE_TESTABILITY = YES;
				ENABLE_USER_SCRIPT_SANDBOXING = YES;
				GCC_C_LANGUAGE_STANDARD = gnu17;
				GCC_DYNAMIC_NO_PIC = NO;
				GCC_NO_COMMON_BLOCKS = YES;
				GCC_OPTIMIZATION_LEVEL = 0;
				GCC_PREPROCESSOR_DEFINITIONS = (
					"DEBUG=1",
					"$(inherited)",
				);
				GCC_WARN_64_TO_32_BIT_CONVERSION = YES;
				GCC_WARN_ABOUT_RETURN_TYPE = YES_ERROR;
				GCC_WARN_UNDECLARED_SELECTOR = YES;
				GCC_WARN_UNINITIALIZED_AUTOS = YES_AGGRESSIVE;
				GCC_WARN_UNUSED_FUNCTION = YES;
				GCC_WARN_UNUSED_VARIABLE = YES;
				INFOPLIST_FILE = Verdantia/Verdantia/Info.plist;
				IPHONEOS_DEPLOYMENT_TARGET = 18.2;
				LOCALIZATION_PREFERS_STRING_CATALOGS = YES;
				MTL_ENABLE_DEBUG_INFO = INCLUDE_SOURCE;
				MTL_FAST_MATH = YES;
				ONLY_ACTIVE_ARCH = YES;
				SDKROOT = iphoneos;
				SWIFT_ACTIVE_COMPILATION_CONDITIONS = "DEBUG $(inherited)";
				SWIFT_OPTIMIZATION_LEVEL = "-Onone";
			};
			name = Debug;
		};
		FC06CCB52E38183A007DFF3C /* Release */ = {
			isa = XCBuildConfiguration;
			buildSettings = {
				ALWAYS_SEARCH_USER_PATHS = NO;
				ASSETCATALOG_COMPILER_GENERATE_SWIFT_ASSET_SYMBOL_EXTENSIONS = YES;
				CLANG_ANALYZER_NONNULL = YES;
				CLANG_ANALYZER_NUMBER_OBJECT_CONVERSION = YES_AGGRESSIVE;
				CLANG_CXX_LANGUAGE_STANDARD = "gnu++20";
				CLANG_ENABLE_MODULES = YES;
				CLANG_ENABLE_OBJC_ARC = YES;
				CLANG_ENABLE_OBJC_WEAK = YES;
				CLANG_WARN_BLOCK_CAPTURE_AUTORELEASING = YES;
				CLANG_WARN_BOOL_CONVERSION = YES;
				CLANG_WARN_COMMA = YES;
				CLANG_WARN_CONSTANT_CONVERSION = YES;
				CLANG_WARN_DEPRECATED_OBJC_IMPLEMENTATIONS = YES;
				CLANG_WARN_DIRECT_OBJC_ISA_USAGE = YES_ERROR;
				CLANG_WARN_DOCUMENTATION_COMMENTS = YES;
				CLANG_WARN_EMPTY_BODY = YES;
				CLANG_WARN_ENUM_CONVERSION = YES;
				CLANG_WARN_INFINITE_RECURSION = YES;
				CLANG_WARN_INT_CONVERSION = YES;
				CLANG_WARN_NON_LITERAL_NULL_CONVERSION = YES;
				CLANG_WARN_OBJC_IMPLICIT_RETAIN_SELF = YES;
				CLANG_WARN_OBJC_LITERAL_CONVERSION = YES;
				CLANG_WARN_OBJC_ROOT_CLASS = YES_ERROR;
				CLANG_WARN_QUOTED_INCLUDE_IN_FRAMEWORK_HEADER = YES;
				CLANG_WARN_RANGE_LOOP_ANALYSIS = YES;
				CLANG_WARN_STRICT_PROTOTYPES = YES;
				CLANG_WARN_SUSPICIOUS_MOVE = YES;
				CLANG_WARN_UNGUARDED_AVAILABILITY = YES_AGGRESSIVE;
				CLANG_WARN_UNREACHABLE_CODE = YES;
				CLANG_WARN__DUPLICATE_METHOD_MATCH = YES;
				COPY_PHASE_STRIP = NO;
				DEBUG_INFORMATION_FORMAT = "dwarf-with-dsym";
				ENABLE_NS_ASSERTIONS = NO;
				ENABLE_STRICT_OBJC_MSGSEND = YES;
				ENABLE_USER_SCRIPT_SANDBOXING = YES;
				GCC_C_LANGUAGE_STANDARD = gnu17;
				GCC_NO_COMMON_BLOCKS = YES;
				GCC_WARN_64_TO_32_BIT_CONVERSION = YES;
				GCC_WARN_ABOUT_RETURN_TYPE = YES_ERROR;
				GCC_WARN_UNDECLARED_SELECTOR = YES;
				GCC_WARN_UNINITIALIZED_AUTOS = YES_AGGRESSIVE;
				GCC_WARN_UNUSED_FUNCTION = YES;
				GCC_WARN_UNUSED_VARIABLE = YES;
				INFOPLIST_FILE = Verdantia/Verdantia/Info.plist;
				IPHONEOS_DEPLOYMENT_TARGET = 18.2;
				LOCALIZATION_PREFERS_STRING_CATALOGS = YES;
				MTL_ENABLE_DEBUG_INFO = NO;
				MTL_FAST_MATH = YES;
				SDKROOT = iphoneos;
				SWIFT_COMPILATION_MODE = wholemodule;
				VALIDATE_PRODUCT = YES;
			};
			name = Release;
		};
		FC06CCB72E38183A007DFF3C /* Debug */ = {
			isa = XCBuildConfiguration;
			buildSettings = {
				ASSETCATALOG_COMPILER_APPICON_NAME = AppIcon;
				ASSETCATALOG_COMPILER_GLOBAL_ACCENT_COLOR_NAME = AccentColor;
				CODE_SIGN_STYLE = Automatic;
				CURRENT_PROJECT_VERSION = 1;
				DEVELOPMENT_ASSET_PATHS = "\"Verdantia/Preview Content\"";
				DEVELOPMENT_TEAM = YBTR4T9779;
				ENABLE_PREVIEWS = YES;
				GENERATE_INFOPLIST_FILE = NO;
				INFOPLIST_FILE = /Users/jakegibbons/Documents/Xcode/Verdantia/Verdantia/Info.plist;
				INFOPLIST_KEY_UIApplicationSceneManifest_Generation = YES;
				INFOPLIST_KEY_UIApplicationSupportsIndirectInputEvents = YES;
				INFOPLIST_KEY_UILaunchScreen_Generation = YES;
				INFOPLIST_KEY_UISupportedInterfaceOrientations_iPad = "UIInterfaceOrientationPortrait UIInterfaceOrientationPortraitUpsideDown UIInterfaceOrientationLandscapeLeft UIInterfaceOrientationLandscapeRight";
				INFOPLIST_KEY_UISupportedInterfaceOrientations_iPhone = "UIInterfaceOrientationPortrait UIInterfaceOrientationLandscapeLeft UIInterfaceOrientationLandscapeRight";
				LD_RUNPATH_SEARCH_PATHS = (
					"$(inherited)",
					"@executable_path/Frameworks",
				);
				MARKETING_VERSION = 1.0;
				PRODUCT_BUNDLE_IDENTIFIER = JakeGibbons.Verdantia;
				PRODUCT_NAME = "$(TARGET_NAME)";
				SWIFT_EMIT_LOC_STRINGS = YES;
				SWIFT_VERSION = 5.0;
				TARGETED_DEVICE_FAMILY = "1,2";
			};
			name = Debug;
		};
		FC06CCB82E38183A007DFF3C /* Release */ = {
			isa = XCBuildConfiguration;
			buildSettings = {
				ASSETCATALOG_COMPILER_APPICON_NAME = AppIcon;
				ASSETCATALOG_COMPILER_GLOBAL_ACCENT_COLOR_NAME = AccentColor;
				CODE_SIGN_STYLE = Automatic;
				CURRENT_PROJECT_VERSION = 1;
				DEVELOPMENT_ASSET_PATHS = "\"Verdantia/Preview Content\"";
				DEVELOPMENT_TEAM = YBTR4T9779;
				ENABLE_PREVIEWS = YES;
				GENERATE_INFOPLIST_FILE = NO;
				INFOPLIST_FILE = /Users/jakegibbons/Documents/Xcode/Verdantia/Verdantia/Info.plist;
				INFOPLIST_KEY_UIApplicationSceneManifest_Generation = YES;
				INFOPLIST_KEY_UIApplicationSupportsIndirectInputEvents = YES;
				INFOPLIST_KEY_UILaunchScreen_Generation = YES;
				INFOPLIST_KEY_UISupportedInterfaceOrientations_iPad = "UIInterfaceOrientationPortrait UIInterfaceOrientationPortraitUpsideDown UIInterfaceOrientationLandscapeLeft UIInterfaceOrientationLandscapeRight";
				INFOPLIST_KEY_UISupportedInterfaceOrientations_iPhone = "UIInterfaceOrientationPortrait UIInterfaceOrientationLandscapeLeft UIInterfaceOrientationLandscapeRight";
				LD_RUNPATH_SEARCH_PATHS = (
					"$(inherited)",
					"@executable_path/Frameworks",
				);
				MARKETING_VERSION = 1.0;
				PRODUCT_BUNDLE_IDENTIFIER = JakeGibbons.Verdantia;
				PRODUCT_NAME = "$(TARGET_NAME)";
				SWIFT_EMIT_LOC_STRINGS = YES;
				SWIFT_VERSION = 5.0;
				TARGETED_DEVICE_FAMILY = "1,2";
			};
			name = Release;
		};
		FC06CCBA2E38183A007DFF3C /* Debug */ = {
			isa = XCBuildConfiguration;
			buildSettings = {
				BUNDLE_LOADER = "$(TEST_HOST)";
				CODE_SIGN_STYLE = Automatic;
				CURRENT_PROJECT_VERSION = 1;
				DEVELOPMENT_TEAM = YBTR4T9779;
				GENERATE_INFOPLIST_FILE = YES;
				IPHONEOS_DEPLOYMENT_TARGET = 18.2;
				MARKETING_VERSION = 1.0;
				PRODUCT_BUNDLE_IDENTIFIER = JakeGibbons.VerdantiaTests;
				PRODUCT_NAME = "$(TARGET_NAME)";
				SWIFT_EMIT_LOC_STRINGS = NO;
				SWIFT_VERSION = 5.0;
				TARGETED_DEVICE_FAMILY = "1,2";
				TEST_HOST = "$(BUILT_PRODUCTS_DIR)/Verdantia.app/$(BUNDLE_EXECUTABLE_FOLDER_PATH)/Verdantia";
			};
			name = Debug;
		};
		FC06CCBB2E38183A007DFF3C /* Release */ = {
			isa = XCBuildConfiguration;
			buildSettings = {
				BUNDLE_LOADER = "$(TEST_HOST)";
				CODE_SIGN_STYLE = Automatic;
				CURRENT_PROJECT_VERSION = 1;
				DEVELOPMENT_TEAM = YBTR4T9779;
				GENERATE_INFOPLIST_FILE = YES;
				IPHONEOS_DEPLOYMENT_TARGET = 18.2;
				MARKETING_VERSION = 1.0;
				PRODUCT_BUNDLE_IDENTIFIER = JakeGibbons.VerdantiaTests;
				PRODUCT_NAME = "$(TARGET_NAME)";
				SWIFT_EMIT_LOC_STRINGS = NO;
				SWIFT_VERSION = 5.0;
				TARGETED_DEVICE_FAMILY = "1,2";
				TEST_HOST = "$(BUILT_PRODUCTS_DIR)/Verdantia.app/$(BUNDLE_EXECUTABLE_FOLDER_PATH)/Verdantia";
			};
			name = Release;
		};
		FC06CCBD2E38183A007DFF3C /* Debug */ = {
			isa = XCBuildConfiguration;
			buildSettings = {
				CODE_SIGN_STYLE = Automatic;
				CURRENT_PROJECT_VERSION = 1;
				DEVELOPMENT_TEAM = YBTR4T9779;
				GENERATE_INFOPLIST_FILE = YES;
				MARKETING_VERSION = 1.0;
				PRODUCT_BUNDLE_IDENTIFIER = JakeGibbons.VerdantiaUITests;
				PRODUCT_NAME = "$(TARGET_NAME)";
				SWIFT_EMIT_LOC_STRINGS = NO;
				SWIFT_VERSION = 5.0;
				TARGETED_DEVICE_FAMILY = "1,2";
				TEST_TARGET_NAME = Verdantia;
			};
			name = Debug;
		};
		FC06CCBE2E38183A007DFF3C /* Release */ = {
			isa = XCBuildConfiguration;
			buildSettings = {
				CODE_SIGN_STYLE = Automatic;
				CURRENT_PROJECT_VERSION = 1;
				DEVELOPMENT_TEAM = YBTR4T9779;
				GENERATE_INFOPLIST_FILE = YES;
				MARKETING_VERSION = 1.0;
				PRODUCT_BUNDLE_IDENTIFIER = JakeGibbons.VerdantiaUITests;
				PRODUCT_NAME = "$(TARGET_NAME)";
				SWIFT_EMIT_LOC_STRINGS = NO;
				SWIFT_VERSION = 5.0;
				TARGETED_DEVICE_FAMILY = "1,2";
				TEST_TARGET_NAME = Verdantia;
			};
			name = Release;
		};
/* End XCBuildConfiguration section */

/* Begin XCConfigurationList section */
		FC06CC8B2E381835007DFF3C /* Build configuration list for PBXProject "Verdantia" */ = {
			isa = XCConfigurationList;
			buildConfigurations = (
				FC06CCB42E38183A007DFF3C /* Debug */,
				FC06CCB52E38183A007DFF3C /* Release */,
			);
			defaultConfigurationIsVisible = 0;
			defaultConfigurationName = Release;
		};
		FC06CCB62E38183A007DFF3C /* Build configuration list for PBXNativeTarget "Verdantia" */ = {
			isa = XCConfigurationList;
			buildConfigurations = (
				FC06CCB72E38183A007DFF3C /* Debug */,
				FC06CCB82E38183A007DFF3C /* Release */,
			);
			defaultConfigurationIsVisible = 0;
			defaultConfigurationName = Release;
		};
		FC06CCB92E38183A007DFF3C /* Build configuration list for PBXNativeTarget "VerdantiaTests" */ = {
			isa = XCConfigurationList;
			buildConfigurations = (
				FC06CCBA2E38183A007DFF3C /* Debug */,
				FC06CCBB2E38183A007DFF3C /* Release */,
			);
			defaultConfigurationIsVisible = 0;
			defaultConfigurationName = Release;
		};
		FC06CCBC2E38183A007DFF3C /* Build configuration list for PBXNativeTarget "VerdantiaUITests" */ = {
			isa = XCConfigurationList;
			buildConfigurations = (
				FC06CCBD2E38183A007DFF3C /* Debug */,
				FC06CCBE2E38183A007DFF3C /* Release */,
			);
			defaultConfigurationIsVisible = 0;
			defaultConfigurationName = Release;
		};
/* End XCConfigurationList section */
	};
	rootObject = FC06CC882E381835007DFF3C /* Project object */;
}
